
Microsoft Visual Studio Solution File, Format Version 12.00
# Visual Studio 15
Project("{FAE04EC0-301F-11D3-BF4B-00C04F79EFBC}") = "ListorOchArrayer", "ListorOchArrayer\ListorOchArrayer.csproj", "{4588501C-C746-4097-8198-12211942051E}"
EndProject
Global
	GlobalSection(SolutionConfigurationPlatforms) = preSolution
		Debug|Any CPU = Debug|Any CPU
		Release|Any CPU = Release|Any CPU
	EndGlobalSection
	GlobalSection(ProjectConfigurationPlatforms) = postSolution
		{4588501C-C746-4097-8198-12211942051E}.Debug|Any CPU.ActiveCfg = Debug|Any CPU
		{4588501C-C746-4097-8198-12211942051E}.Debug|Any CPU.Build.0 = Debug|Any CPU
		{4588501C-C746-4097-8198-12211942051E}.Release|Any CPU.ActiveCfg = Release|Any CPU
		{4588501C-C746-4097-8198-12211942051E}.Release|Any CPU.Build.0 = Release|Any CPU
	EndGlobalSection
EndGlobal
