
Microsoft Visual Studio Solution File, Format Version 12.00
# Visual Studio 15
Project("{FAE04EC0-301F-11D3-BF4B-00C04F79EFBC}") = "OOPIntro", "OOPIntro.csproj", "{D95495E4-6373-478F-92E4-55AC3817C567}"
EndProject
Global
	GlobalSection(SolutionConfigurationPlatforms) = preSolution
		Debug|Any CPU = Debug|Any CPU
		Release|Any CPU = Release|Any CPU
	EndGlobalSection
	GlobalSection(ProjectConfigurationPlatforms) = postSolution
		{D95495E4-6373-478F-92E4-55AC3817C567}.Debug|Any CPU.ActiveCfg = Debug|Any CPU
		{D95495E4-6373-478F-92E4-55AC3817C567}.Debug|Any CPU.Build.0 = Debug|Any CPU
		{D95495E4-6373-478F-92E4-55AC3817C567}.Release|Any CPU.ActiveCfg = Release|Any CPU
		{D95495E4-6373-478F-92E4-55AC3817C567}.Release|Any CPU.Build.0 = Release|Any CPU
	EndGlobalSection
EndGlobal
