
Microsoft Visual Studio Solution File, Format Version 12.00
Project("{FAE04EC0-301F-11D3-BF4B-00C04F79EFBC}") = "Vecka50", "Vecka50\Vecka50.csproj", "{05EA18D2-B3F8-4352-AE27-2A3799D64F52}"
EndProject
Global
	GlobalSection(SolutionConfigurationPlatforms) = preSolution
		Debug|Any CPU = Debug|Any CPU
		Release|Any CPU = Release|Any CPU
	EndGlobalSection
	GlobalSection(ProjectConfigurationPlatforms) = postSolution
		{05EA18D2-B3F8-4352-AE27-2A3799D64F52}.Debug|Any CPU.ActiveCfg = Debug|Any CPU
		{05EA18D2-B3F8-4352-AE27-2A3799D64F52}.Debug|Any CPU.Build.0 = Debug|Any CPU
		{05EA18D2-B3F8-4352-AE27-2A3799D64F52}.Release|Any CPU.ActiveCfg = Release|Any CPU
		{05EA18D2-B3F8-4352-AE27-2A3799D64F52}.Release|Any CPU.Build.0 = Release|Any CPU
	EndGlobalSection
EndGlobal
